
Microsoft Visual Studio Solution File, Format Version 12.00
# Visual Studio Version 17
VisualStudioVersion = 17.1.32407.343
MinimumVisualStudioVersion = 10.0.40219.1
Project("{888888A0-9F3D-457C-B088-3A5042F75D52}") = "Web_project_dota2", "Web_project_dota2\Web_project_dota2.pyproj", "{0DF6CA69-0C70-4F5A-955B-9B22EB7F6FDA}"
EndProject
Global
	GlobalSection(SolutionConfigurationPlatforms) = preSolution
		Debug|Any CPU = Debug|Any CPU
		Release|Any CPU = Release|Any CPU
	EndGlobalSection
	GlobalSection(ProjectConfigurationPlatforms) = postSolution
		{0DF6CA69-0C70-4F5A-955B-9B22EB7F6FDA}.Debug|Any CPU.ActiveCfg = Debug|Any CPU
		{0DF6CA69-0C70-4F5A-955B-9B22EB7F6FDA}.Debug|Any CPU.Build.0 = Debug|Any CPU
		{0DF6CA69-0C70-4F5A-955B-9B22EB7F6FDA}.Release|Any CPU.ActiveCfg = Release|Any CPU
		{0DF6CA69-0C70-4F5A-955B-9B22EB7F6FDA}.Release|Any CPU.Build.0 = Release|Any CPU
	EndGlobalSection
	GlobalSection(SolutionProperties) = preSolution
		HideSolutionNode = FALSE
	EndGlobalSection
	GlobalSection(ExtensibilityGlobals) = postSolution
		SolutionGuid = {D491670C-A161-4831-B6AD-BE4F3A5582A3}
	EndGlobalSection
EndGlobal
